// !$*UTF8*$!
{
	archiveVersion = 1;
	classes = {
	};
	objectVersion = 46;
	objects = {

/* Begin PBXBuildFile section */
		2C3B62BE21CCCA9900A0C13F /* main.c in Sources */ = {isa = PBXBuildFile; fileRef = 2C3B62BD21CCCA9900A0C13F /* main.c */; };
/* End PBXBuildFile section */

/* Begin PBXCopyFilesBuildPhase section */
		2C3B62B821CCCA9900A0C13F /* CopyFiles */ = {
			isa = PBXCopyFilesBuildPhase;
			buildActionMask = 2147483647;
			dstPath = /usr/share/man/man1/;
			dstSubfolderSpec = 0;
			files = (
			);
			runOnlyForDeploymentPostprocessing = 1;
		};
/* End PBXCopyFilesBuildPhase section */

/* Begin PBXFileReference section */
		2C3B62BA21CCCA9900A0C13F /* openhelpbook */ = {isa = PBXFileReference; explicitFileType = "compiled.mach-o.executable"; includeInIndex = 0; path = openhelpbook; sourceTree = BUILT_PRODUCTS_DIR; };
		2C3B62BD21CCCA9900A0C13F /* main.c */ = {isa = PBXFileReference; lastKnownFileType = sourcecode.c.c; path = main.c; sourceTree = "<group>"; };
/* End PBXFileReference section */

/* Begin PBXFrameworksBuildPhase section */
		2C3B62B721CCCA9900A0C13F /* Frameworks */ = {
			isa = PBXFrameworksBuildPhase;
			buildActionMask = 2147483647;
			files = (
			);
			runOnlyForDeploymentPostprocessing = 0;
		};
/* End PBXFrameworksBuildPhase section */

/* Begin PBXGroup section */
		2C3B62B121CCCA9900A0C13F = {
			isa = PBXGroup;
			children = (
				2C3B62BC21CCCA9900A0C13F /* openhelpbook */,
				2C3B62BB21CCCA9900A0C13F /* Products */,
			);
			sourceTree = "<group>";
		};
		2C3B62BB21CCCA9900A0C13F /* Products */ = {
			isa = PBXGroup;
			children = (
				2C3B62BA21CCCA9900A0C13F /* openhelpbook */,
			);
			name = Products;
			sourceTree = "<group>";
		};
		2C3B62BC21CCCA9900A0C13F /* openhelpbook */ = {
			isa = PBXGroup;
			children = (
				2C3B62BD21CCCA9900A0C13F /* main.c */,
			);
			path = openhelpbook;
			sourceTree = "<group>";
		};
/* End PBXGroup section */

/* Begin PBXNativeTarget section */
		2C3B62B921CCCA9900A0C13F /* openhelpbook */ = {
			isa = PBXNativeTarget;
			buildConfigurationList = 2C3B62C121CCCA9900A0C13F /* Build configuration list for PBXNativeTarget "openhelpbook" */;
			buildPhases = (
				2C3B62B621CCCA9900A0C13F /* Sources */,
				2C3B62B721CCCA9900A0C13F /* Frameworks */,
				2C3B62B821CCCA9900A0C13F /* CopyFiles */,
			);
			buildRules = (
			);
			dependencies = (
			);
			name = openhelpbook;
			productName = openhelpbook;
			productReference = 2C3B62BA21CCCA9900A0C13F /* openhelpbook */;
			productType = "com.apple.product-type.tool";
		};
/* End PBXNativeTarget section */

/* Begin PBXProject section */
		2C3B62B221CCCA9900A0C13F /* Project object */ = {
			isa = PBXProject;
			attributes = {
				LastUpgradeCheck = 0820;
				ORGANIZATIONNAME = tkurita;
				TargetAttributes = {
					2C3B62B921CCCA9900A0C13F = {
						CreatedOnToolsVersion = 8.2.1;
						DevelopmentTeam = N3YK2F43T4;
						ProvisioningStyle = Automatic;
					};
				};
			};
			buildConfigurationList = 2C3B62B521CCCA9900A0C13F /* Build configuration list for PBXProject "openhelpbook" */;
			compatibilityVersion = "Xcode 3.2";
			developmentRegion = English;
			hasScannedForEncodings = 0;
			knownRegions = (
				en,
			);
			mainGroup = 2C3B62B121CCCA9900A0C13F;
			productRefGroup = 2C3B62BB21CCCA9900A0C13F /* Products */;
			projectDirPath = "";
			projectRoot = "";
			targets = (
				2C3B62B921CCCA9900A0C13F /* openhelpbook */,
			);
		};
/* End PBXProject section */

/* Begin PBXSourcesBuildPhase section */
		2C3B62B621CCCA9900A0C13F /* Sources */ = {
			isa = PBXSourcesBuildPhase;
			buildActionMask = 2147483647;
			files = (
				2C3B62BE21CCCA9900A0C13F /* main.c in Sources */,
			);
			runOnlyForDeploymentPostprocessing = 0;
		};
/* End PBXSourcesBuildPhase section */

/* Begin XCBuildConfiguration section */
		2C3B62BF21CCCA9900A0C13F /* Debug */ = {
			isa = XCBuildConfiguration;
			buildSettings = {
				ALWAYS_SEARCH_USER_PATHS = NO;
				CLANG_ANALYZER_NONNULL = YES;
				CLANG_CXX_LANGUAGE_STANDARD = "gnu++0x";
				CLANG_CXX_LIBRARY = "libc++";
				CLANG_ENABLE_MODULES = YES;
				CLANG_ENABLE_OBJC_ARC = YES;
				CLANG_WARN_BOOL_CONVERSION = YES;
				CLANG_WARN_CONSTANT_CONVERSION = YES;
				CLANG_WARN_DIRECT_OBJC_ISA_USAGE = YES_ERROR;
				CLANG_WARN_DOCUMENTATION_COMMENTS = YES;
				CLANG_WARN_EMPTY_BODY = YES;
				CLANG_WARN_ENUM_CONVERSION = YES;
				CLANG_WARN_INFINITE_RECURSION = YES;
				CLANG_WARN_INT_CONVERSION = YES;
				CLANG_WARN_OBJC_ROOT_CLASS = YES_ERROR;
				CLANG_WARN_SUSPICIOUS_MOVE = YES;
				CLANG_WARN_UNREACHABLE_CODE = YES;
				CLANG_WARN__DUPLICATE_METHOD_MATCH = YES;
				CODE_SIGN_IDENTITY = "-";
				COPY_PHASE_STRIP = NO;
				DEBUG_INFORMATION_FORMAT = dwarf;
				ENABLE_STRICT_OBJC_MSGSEND = YES;
				ENABLE_TESTABILITY = YES;
				GCC_C_LANGUAGE_STANDARD = gnu99;
				GCC_DYNAMIC_NO_PIC = NO;
				GCC_NO_COMMON_BLOCKS = YES;
				GCC_OPTIMIZATION_LEVEL = 0;
				GCC_PREPROCESSOR_DEFINITIONS = (
					"DEBUG=1",
					"$(inherited)",
				);
				GCC_WARN_64_TO_32_BIT_CONVERSION = YES;
				GCC_WARN_ABOUT_RETURN_TYPE = YES_ERROR;
				GCC_WARN_UNDECLARED_SELECTOR = YES;
				GCC_WARN_UNINITIALIZED_AUTOS = YES_AGGRESSIVE;
				GCC_WARN_UNUSED_FUNCTION = YES;
				GCC_WARN_UNUSED_VARIABLE = YES;
				MACOSX_DEPLOYMENT_TARGET = 10.8;
				MTL_ENABLE_DEBUG_INFO = YES;
				ONLY_ACTIVE_ARCH = YES;
				SDKROOT = macosx;
			};
			name = Debug;
		};
		2C3B62C021CCCA9900A0C13F /* Release */ = {
			isa = XCBuildConfiguration;
			buildSettings = {
				ALWAYS_SEARCH_USER_PATHS = NO;
				CLANG_ANALYZER_NONNULL = YES;
				CLANG_CXX_LANGUAGE_STANDARD = "gnu++0x";
				CLANG_CXX_LIBRARY = "libc++";
				CLANG_ENABLE_MODULES = YES;
				CLANG_ENABLE_OBJC_ARC = YES;
				CLANG_WARN_BOOL_CONVERSION = YES;
				CLANG_WARN_CONSTANT_CONVERSION = YES;
				CLANG_WARN_DIRECT_OBJC_ISA_USAGE = YES_ERROR;
				CLANG_WARN_DOCUMENTATION_COMMENTS = YES;
				CLANG_WARN_EMPTY_BODY = YES;
				CLANG_WARN_ENUM_CONVERSION = YES;
				CLANG_WARN_INFINITE_RECURSION = YES;
				CLANG_WARN_INT_CONVERSION = YES;
				CLANG_WARN_OBJC_ROOT_CLASS = YES_ERROR;
				CLANG_WARN_SUSPICIOUS_MOVE = YES;
				CLANG_WARN_UNREACHABLE_CODE = YES;
				CLANG_WARN__DUPLICATE_METHOD_MATCH = YES;
				CODE_SIGN_IDENTITY = "-";
				COPY_PHASE_STRIP = NO;
				DEBUG_INFORMATION_FORMAT = "dwarf-with-dsym";
				ENABLE_NS_ASSERTIONS = NO;
				ENABLE_STRICT_OBJC_MSGSEND = YES;
				GCC_C_LANGUAGE_STANDARD = gnu99;
				GCC_NO_COMMON_BLOCKS = YES;
				GCC_WARN_64_TO_32_BIT_CONVERSION = YES;
				GCC_WARN_ABOUT_RETURN_TYPE = YES_ERROR;
				GCC_WARN_UNDECLARED_SELECTOR = YES;
				GCC_WARN_UNINITIALIZED_AUTOS = YES_AGGRESSIVE;
				GCC_WARN_UNUSED_FUNCTION = YES;
				GCC_WARN_UNUSED_VARIABLE = YES;
				MACOSX_DEPLOYMENT_TARGET = 10.8;
				MTL_ENABLE_DEBUG_INFO = NO;
				SDKROOT = macosx;
			};
			name = Release;
		};
		2C3B62C221CCCA9900A0C13F /* Debug */ = {
			isa = XCBuildConfiguration;
			buildSettings = {
				DEVELOPMENT_TEAM = N3YK2F43T4;
				INSTALL_PATH = /local/bin;
				PRODUCT_NAME = "$(TARGET_NAME)";
			};
			name = Debug;
		};
		2C3B62C321CCCA9900A0C13F /* Release */ = {
			isa = XCBuildConfiguration;
			buildSettings = {
				DEVELOPMENT_TEAM = N3YK2F43T4;
				INSTALL_PATH = /local/bin;
				PRODUCT_NAME = "$(TARGET_NAME)";
			};
			name = Release;
		};
/* End XCBuildConfiguration section */

/* Begin XCConfigurationList section */
		2C3B62B521CCCA9900A0C13F /* Build configuration list for PBXProject "openhelpbook" */ = {
			isa = XCConfigurationList;
			buildConfigurations = (
				2C3B62BF21CCCA9900A0C13F /* Debug */,
				2C3B62C021CCCA9900A0C13F /* Release */,
			);
			defaultConfigurationIsVisible = 0;
			defaultConfigurationName = Release;
		};
		2C3B62C121CCCA9900A0C13F /* Build configuration list for PBXNativeTarget "openhelpbook" */ = {
			isa = XCConfigurationList;
			buildConfigurations = (
				2C3B62C221CCCA9900A0C13F /* Debug */,
				2C3B62C321CCCA9900A0C13F /* Release */,
			);
			defaultConfigurationIsVisible = 0;
			defaultConfigurationName = Release;
		};
/* End XCConfigurationList section */
	};
	rootObject = 2C3B62B221CCCA9900A0C13F /* Project object */;
}
